
Microsoft Visual Studio Solution File, Format Version 12.00
# Visual Studio Version 17
VisualStudioVersion = 17.14.36015.10 d17.14
MinimumVisualStudioVersion = 10.0.40219.1
Project("{FAE04EC0-301F-11D3-BF4B-00C04F79EFBC}") = "calculator", "calculator\calculator.csproj", "{1368962F-F90F-459D-8073-C6BE40B685A3}"
EndProject
Global
	GlobalSection(SolutionConfigurationPlatforms) = preSolution
		Debug|Any CPU = Debug|Any CPU
		Release|Any CPU = Release|Any CPU
	EndGlobalSection
	GlobalSection(ProjectConfigurationPlatforms) = postSolution
		{1368962F-F90F-459D-8073-C6BE40B685A3}.Debug|Any CPU.ActiveCfg = Debug|Any CPU
		{1368962F-F90F-459D-8073-C6BE40B685A3}.Debug|Any CPU.Build.0 = Debug|Any CPU
		{1368962F-F90F-459D-8073-C6BE40B685A3}.Release|Any CPU.ActiveCfg = Release|Any CPU
		{1368962F-F90F-459D-8073-C6BE40B685A3}.Release|Any CPU.Build.0 = Release|Any CPU
	EndGlobalSection
	GlobalSection(SolutionProperties) = preSolution
		HideSolutionNode = FALSE
	EndGlobalSection
	GlobalSection(ExtensibilityGlobals) = postSolution
		SolutionGuid = {AD9EFB37-A44F-4E13-80F5-95CA828AEBC9}
	EndGlobalSection
EndGlobal
